# @generated - this file is auto-generated by `mise lock` https://mise.jdx.dev/dev-tools/mise-lock.html

lockfile_version = 3

[[tools.bitwarden]]
version = "2026.9.0"
backend = "aqua:bitwarden/clients"
specifiers = ["latest"]

[tools.bitwarden."platforms.linux-arm64"]
checksum = "sha256:3f474cc34b701a1cebdd486009870038b034343afb83095607422cdad4c3653a"
url = "https://github.com/bitwarden/clients/releases/download/cli-v2026.9.0/bw-linux-arm64-2026.9.0.zip"
url_api = "https://api.github.com/repos/bitwarden/clients/releases/assets/570320369"

[tools.bitwarden."platforms.linux-arm64-musl"]
checksum = "sha256:3f474cc34b701a1cebdd486009870038b034343afb83095607422cdad4c3653a"
url = "https://github.com/bitwarden/clients/releases/download/cli-v2026.9.0/bw-linux-arm64-2026.9.0.zip"
url_api = "https://api.github.com/repos/bitwarden/clients/releases/assets/570320369"

[tools.bitwarden."platforms.linux-x64"]
checksum = "sha256:580c1deec8345b19dbac7f8b02babb6cc4fe250c69c567e29061f727f1e40768"
url = "https://github.com/bitwarden/clients/releases/download/cli-v2026.9.0/bw-linux-2026.9.0.zip"
url_api = "https://api.github.com/repos/bitwarden/clients/releases/assets/570320307"

[tools.bitwarden."platforms.linux-x64-musl"]
checksum = "sha256:580c1deec8345b19dbac7f8b02babb6cc4fe250c69c567e29061f727f1e40768"
url = "https://github.com/bitwarden/clients/releases/download/cli-v2026.9.0/bw-linux-2026.9.0.zip"
url_api = "https://api.github.com/repos/bitwarden/clients/releases/assets/570320307"

[tools.bitwarden."platforms.macos-arm64"]
checksum = "sha256:014bc4c093e586197013fac79b9d0f1df1da6004003293c8930406bf1ffde45b"
url = "https://github.com/bitwarden/clients/releases/download/cli-v2026.9.0/bw-macos-arm64-2026.9.0.zip"
url_api = "https://api.github.com/repos/bitwarden/clients/releases/assets/570320204"

[tools.bitwarden."platforms.macos-x64"]
checksum = "sha256:d2a1865c2c1f49c34e6f1b38a42c5b95dcf22e34f81121c4962ebda32f708a3e"
url = "https://github.com/bitwarden/clients/releases/download/cli-v2026.9.0/bw-macos-2026.9.0.zip"
url_api = "https://api.github.com/repos/bitwarden/clients/releases/assets/570320154"

[tools.bitwarden."platforms.windows-x64"]
checksum = "sha256:09f58bdfc9d3b7ba04277042db4804dd932e581c972f740f37b9d12106096424"
url = "https://github.com/bitwarden/clients/releases/download/cli-v2026.9.0/bw-windows-2026.9.0.zip"
url_api = "https://api.github.com/repos/bitwarden/clients/releases/assets/570319949"

[[tools."github:asciimoo/hister"]]
version = "0.20.0"
backend = "github:asciimoo/hister"
specifiers = ["latest"]

[tools."github:asciimoo/hister"."platforms.linux-arm64"]
checksum = "sha256:606a8f3e4364b37b3861581a111d8acda58f38357afad0ae0ceba67978a8899a"
url = "https://github.com/asciimoo/hister/releases/download/v0.20.0/hister_0.20.0_linux_arm64"
url_api = "https://api.github.com/repos/asciimoo/hister/releases/assets/585632627"

[tools."github:asciimoo/hister"."platforms.linux-arm64-musl"]
checksum = "sha256:606a8f3e4364b37b3861581a111d8acda58f38357afad0ae0ceba67978a8899a"
url = "https://github.com/asciimoo/hister/releases/download/v0.20.0/hister_0.20.0_linux_arm64"
url_api = "https://api.github.com/repos/asciimoo/hister/releases/assets/585632627"

[tools."github:asciimoo/hister"."platforms.linux-x64"]
checksum = "sha256:28c453cd3fe383dac936f91450c0bd6d3be4944079670aa607f38e01215844fe"
url = "https://github.com/asciimoo/hister/releases/download/v0.20.0/hister_0.20.0_linux_amd64"
url_api = "https://api.github.com/repos/asciimoo/hister/releases/assets/585632385"

[tools."github:asciimoo/hister"."platforms.linux-x64-musl"]
checksum = "sha256:28c453cd3fe383dac936f91450c0bd6d3be4944079670aa607f38e01215844fe"
url = "https://github.com/asciimoo/hister/releases/download/v0.20.0/hister_0.20.0_linux_amd64"
url_api = "https://api.github.com/repos/asciimoo/hister/releases/assets/585632385"

[tools."github:asciimoo/hister"."platforms.macos-arm64"]
checksum = "sha256:d13442f086dbc23c316cb19f1b42abb09e7dba4b38e0d7aeb6a2e42131f0a43c"
url = "https://github.com/asciimoo/hister/releases/download/v0.20.0/hister_0.20.0_darwin_arm64"
url_api = "https://api.github.com/repos/asciimoo/hister/releases/assets/585632384"

[tools."github:asciimoo/hister"."platforms.macos-x64"]
checksum = "sha256:ccc2edd2f1c244f1ac520e3a5b883da0c4b2d46ce14784980d2dc67e453e3cd3"
url = "https://github.com/asciimoo/hister/releases/download/v0.20.0/hister_0.20.0_darwin_amd64"
url_api = "https://api.github.com/repos/asciimoo/hister/releases/assets/585632383"

[tools."github:asciimoo/hister"."platforms.windows-x64"]
checksum = "sha256:be3388b2b628fb946aa4d656f29fd4917bf6f146d542d0e90168ace456d89098"
url = "https://github.com/asciimoo/hister/releases/download/v0.20.0/hister_0.20.0_windows_amd64.exe"
url_api = "https://api.github.com/repos/asciimoo/hister/releases/assets/585632387"

[[tools."github:pasadoorian/fettle"]]
version = "1.19.0"
backend = "github:pasadoorian/fettle"
specifiers = ["latest"]

[tools."github:pasadoorian/fettle"."platforms.linux-arm64"]
checksum = "sha256:6e46a61de11feab9f973e83102f0643504d10e4f1abae4dca78d3137da231a03"
url = "https://github.com/pasadoorian/fettle/releases/download/v1.19.0/fettle.pyz"
url_api = "https://api.github.com/repos/pasadoorian/fettle/releases/assets/532697155"

[tools."github:pasadoorian/fettle"."platforms.linux-arm64-musl"]
checksum = "sha256:6e46a61de11feab9f973e83102f0643504d10e4f1abae4dca78d3137da231a03"
url = "https://github.com/pasadoorian/fettle/releases/download/v1.19.0/fettle.pyz"
url_api = "https://api.github.com/repos/pasadoorian/fettle/releases/assets/532697155"

[tools."github:pasadoorian/fettle"."platforms.linux-x64"]
checksum = "sha256:02b6d66a6c0561ceb0e9c7a2ef6fda8a5040777f490bc30bba96f0f30b3638e4"
url = "https://github.com/pasadoorian/fettle/releases/download/v1.19.0/fettle-1.19.0-linux-x86_64.tar.gz"
url_api = "https://api.github.com/repos/pasadoorian/fettle/releases/assets/532697063"

[tools."github:pasadoorian/fettle"."platforms.linux-x64-musl"]
checksum = "sha256:02b6d66a6c0561ceb0e9c7a2ef6fda8a5040777f490bc30bba96f0f30b3638e4"
url = "https://github.com/pasadoorian/fettle/releases/download/v1.19.0/fettle-1.19.0-linux-x86_64.tar.gz"
url_api = "https://api.github.com/repos/pasadoorian/fettle/releases/assets/532697063"

[tools."github:pasadoorian/fettle"."platforms.macos-arm64"]
checksum = "sha256:6e46a61de11feab9f973e83102f0643504d10e4f1abae4dca78d3137da231a03"
url = "https://github.com/pasadoorian/fettle/releases/download/v1.19.0/fettle.pyz"
url_api = "https://api.github.com/repos/pasadoorian/fettle/releases/assets/532697155"

[tools."github:pasadoorian/fettle"."platforms.macos-x64"]
checksum = "sha256:6e46a61de11feab9f973e83102f0643504d10e4f1abae4dca78d3137da231a03"
url = "https://github.com/pasadoorian/fettle/releases/download/v1.19.0/fettle.pyz"
url_api = "https://api.github.com/repos/pasadoorian/fettle/releases/assets/532697155"

[tools."github:pasadoorian/fettle"."platforms.windows-x64"]
checksum = "sha256:6e46a61de11feab9f973e83102f0643504d10e4f1abae4dca78d3137da231a03"
url = "https://github.com/pasadoorian/fettle/releases/download/v1.19.0/fettle.pyz"
url_api = "https://api.github.com/repos/pasadoorian/fettle/releases/assets/532697155"

[[tools."github:pcrockett/blarg"]]
version = "0.7.0"
backend = "github:pcrockett/blarg"
specifiers = ["latest"]

[tools."github:pcrockett/blarg"."platforms.linux-arm64"]
checksum = "sha256:e2cfbd99a129d76513e4f78cc5bf7c694cd81eecc15840cffc6cc2f49a563a23"
url = "https://github.com/pcrockett/blarg/releases/download/v0.7.0/blarg"
url_api = "https://api.github.com/repos/pcrockett/blarg/releases/assets/574896548"

[tools."github:pcrockett/blarg"."platforms.linux-arm64-musl"]
checksum = "sha256:e2cfbd99a129d76513e4f78cc5bf7c694cd81eecc15840cffc6cc2f49a563a23"
url = "https://github.com/pcrockett/blarg/releases/download/v0.7.0/blarg"
url_api = "https://api.github.com/repos/pcrockett/blarg/releases/assets/574896548"

[tools."github:pcrockett/blarg"."platforms.linux-x64"]
checksum = "sha256:e2cfbd99a129d76513e4f78cc5bf7c694cd81eecc15840cffc6cc2f49a563a23"
url = "https://github.com/pcrockett/blarg/releases/download/v0.7.0/blarg"
url_api = "https://api.github.com/repos/pcrockett/blarg/releases/assets/574896548"

[tools."github:pcrockett/blarg"."platforms.linux-x64-musl"]
checksum = "sha256:e2cfbd99a129d76513e4f78cc5bf7c694cd81eecc15840cffc6cc2f49a563a23"
url = "https://github.com/pcrockett/blarg/releases/download/v0.7.0/blarg"
url_api = "https://api.github.com/repos/pcrockett/blarg/releases/assets/574896548"

[tools."github:pcrockett/blarg"."platforms.macos-arm64"]
checksum = "sha256:e2cfbd99a129d76513e4f78cc5bf7c694cd81eecc15840cffc6cc2f49a563a23"
url = "https://github.com/pcrockett/blarg/releases/download/v0.7.0/blarg"
url_api = "https://api.github.com/repos/pcrockett/blarg/releases/assets/574896548"

[tools."github:pcrockett/blarg"."platforms.macos-x64"]
checksum = "sha256:e2cfbd99a129d76513e4f78cc5bf7c694cd81eecc15840cffc6cc2f49a563a23"
url = "https://github.com/pcrockett/blarg/releases/download/v0.7.0/blarg"
url_api = "https://api.github.com/repos/pcrockett/blarg/releases/assets/574896548"

[tools."github:pcrockett/blarg"."platforms.windows-x64"]
checksum = "sha256:e2cfbd99a129d76513e4f78cc5bf7c694cd81eecc15840cffc6cc2f49a563a23"
url = "https://github.com/pcrockett/blarg/releases/download/v0.7.0/blarg"
url_api = "https://api.github.com/repos/pcrockett/blarg/releases/assets/574896548"
